{
  "version": 4,
  "terraform_version": "0.15.4",
  "serial": 9,
  "lineage": "3bd6523e-6ed1-954e-1638-66b89e56ecfb",
  "outputs": {},
  "resources": [
    {
      "mode": "managed",
      "type": "aws_iam_user",
      "name": "create-user",
      "provider": "provider[\"registry.terraform.io/hashicorp/aws\"]",
      "instances": [
        {
          "schema_version": 0,
          "attributes": {
            "arn": "arn:aws:iam::430908962121:user/abc",
            "force_destroy": false,
            "id": "abc",
            "name": "abc",
            "path": "/",
            "permissions_boundary": null,
            "tags": null,
            "tags_all": {},
            "unique_id": "AIDAWIVBM6VEQDGOBXJRR"
          },
          "sensitive_attributes": [],
          "private": "bnVsbA=="
        }
      ]
    }
  ]
}
